
Microsoft Visual Studio Solution File, Format Version 12.00
# Visual Studio 15
VisualStudioVersion = 15.0.28010.2046
MinimumVisualStudioVersion = 10.0.40219.1
Project("{2150E333-8FDC-42A3-9474-1A3956D46DE8}") = "Authorization-Service", "Authorization-Service", "{4627FD90-4EE0-4791-B2DD-D06F13F3E4AF}"
EndProject
Project("{2150E333-8FDC-42A3-9474-1A3956D46DE8}") = "Identity-Service", "Identity-Service", "{CC1C35F6-7D06-4BCF-9AAB-D87832FD8025}"
EndProject
Project("{FAE04EC0-301F-11D3-BF4B-00C04F79EFBC}") = "Idetity-dal", "Idetity-dal\Idetity-dal.csproj", "{0D485B77-A1FA-41FC-AE2F-CDCDB91F1A77}"
EndProject
Project("{FAE04EC0-301F-11D3-BF4B-00C04F79EFBC}") = "Identity-Bl", "Identity-Bl\Identity-Bl.csproj", "{F0050E16-C6B7-4A5C-A95F-C0A45885648A}"
EndProject
Project("{FAE04EC0-301F-11D3-BF4B-00C04F79EFBC}") = "Identity-Fe", "Identity-Fe\Identity-Fe.csproj", "{2F01823C-0BAF-403B-9F56-D9FF1A52D89B}"
EndProject
Project("{FAE04EC0-301F-11D3-BF4B-00C04F79EFBC}") = "Identity-Common", "Identity-Common\Identity-Common.csproj", "{B358EE85-AFA0-4EB1-BBFF-16393C208024}"
EndProject
Project("{FAE04EC0-301F-11D3-BF4B-00C04F79EFBC}") = "Identity-BlTests", "Identity-BlTests\Identity-BlTests.csproj", "{1B418D7A-DA0E-482B-89CD-FD99867ED705}"
EndProject
Project("{FAE04EC0-301F-11D3-BF4B-00C04F79EFBC}") = "Authorization-Fe", "Authorization-Fe\Authorization-Fe.csproj", "{D1DD65E1-843A-4A25-9969-0F5D612EC7D3}"
EndProject
Project("{FAE04EC0-301F-11D3-BF4B-00C04F79EFBC}") = "Authorization-Common", "Authorization-Common\Authorization-Common.csproj", "{0BFB187A-A3F2-4BF4-B002-71A5C43E3C48}"
EndProject
Project("{FAE04EC0-301F-11D3-BF4B-00C04F79EFBC}") = "Authorization-Bl", "Authorization-Bl\Authorization-Bl.csproj", "{BF35C9E5-7BD6-4524-9FBA-E9C8597DCDEE}"
EndProject
Project("{FAE04EC0-301F-11D3-BF4B-00C04F79EFBC}") = "Authorization-Dal", "Authorization-Dal\Authorization-Dal.csproj", "{F78B8F0F-EAF7-4FF9-9F64-51BE7E5D62F3}"
EndProject
Project("{FAE04EC0-301F-11D3-BF4B-00C04F79EFBC}") = "Authorization-BlTests", "Authorization-BlTests\Authorization-BlTests.csproj", "{73DFB53B-0BEA-4081-9D6A-7831B529674A}"
EndProject
Project("{2150E333-8FDC-42A3-9474-1A3956D46DE8}") = "Social-Service", "Social-Service", "{E646690D-C151-42A1-BF69-1B839242DE10}"
EndProject
Project("{FAE04EC0-301F-11D3-BF4B-00C04F79EFBC}") = "Social-Dal", "SocialDal\Social-Dal.csproj", "{5B99915F-81B8-418B-A1D4-1409FC122EFF}"
EndProject
Project("{FAE04EC0-301F-11D3-BF4B-00C04F79EFBC}") = "Social-Bl", "SocialBl\Social-Bl.csproj", "{E7619F59-A0F6-4BD9-8F1E-F807DFF27099}"
EndProject
Project("{FAE04EC0-301F-11D3-BF4B-00C04F79EFBC}") = "Social-Common", "Social-Common\Social-Common.csproj", "{D1CE3436-9D17-433F-B11B-02780E747FF8}"
EndProject
Project("{FAE04EC0-301F-11D3-BF4B-00C04F79EFBC}") = "Social-Fe", "Social-Fe\Social-Fe.csproj", "{1B6F97F3-FFFA-455E-8A36-77AA74C63881}"
EndProject
Project("{2150E333-8FDC-42A3-9474-1A3956D46DE8}") = "Notification-Service", "Notification-Service", "{454C59A1-82AB-4261-8B5F-DBAF8626C8FD}"
EndProject
Project("{FAE04EC0-301F-11D3-BF4B-00C04F79EFBC}") = "Notification-Fe", "Notification-Fe\Notification-Fe.csproj", "{382279BD-AA0D-4236-B182-F0ED06F8899F}"
EndProject
Project("{FAE04EC0-301F-11D3-BF4B-00C04F79EFBC}") = "Notification-Bl", "Notification-Bl\Notification-Bl.csproj", "{7A4E49A9-1AEF-4275-B9C0-EB1E14C03C56}"
EndProject
Global
	GlobalSection(SolutionConfigurationPlatforms) = preSolution
		Debug|Any CPU = Debug|Any CPU
		Release|Any CPU = Release|Any CPU
	EndGlobalSection
	GlobalSection(ProjectConfigurationPlatforms) = postSolution
		{0D485B77-A1FA-41FC-AE2F-CDCDB91F1A77}.Debug|Any CPU.ActiveCfg = Debug|Any CPU
		{0D485B77-A1FA-41FC-AE2F-CDCDB91F1A77}.Debug|Any CPU.Build.0 = Debug|Any CPU
		{0D485B77-A1FA-41FC-AE2F-CDCDB91F1A77}.Release|Any CPU.ActiveCfg = Release|Any CPU
		{0D485B77-A1FA-41FC-AE2F-CDCDB91F1A77}.Release|Any CPU.Build.0 = Release|Any CPU
		{F0050E16-C6B7-4A5C-A95F-C0A45885648A}.Debug|Any CPU.ActiveCfg = Debug|Any CPU
		{F0050E16-C6B7-4A5C-A95F-C0A45885648A}.Debug|Any CPU.Build.0 = Debug|Any CPU
		{F0050E16-C6B7-4A5C-A95F-C0A45885648A}.Release|Any CPU.ActiveCfg = Release|Any CPU
		{F0050E16-C6B7-4A5C-A95F-C0A45885648A}.Release|Any CPU.Build.0 = Release|Any CPU
		{2F01823C-0BAF-403B-9F56-D9FF1A52D89B}.Debug|Any CPU.ActiveCfg = Debug|Any CPU
		{2F01823C-0BAF-403B-9F56-D9FF1A52D89B}.Debug|Any CPU.Build.0 = Debug|Any CPU
		{2F01823C-0BAF-403B-9F56-D9FF1A52D89B}.Release|Any CPU.ActiveCfg = Release|Any CPU
		{2F01823C-0BAF-403B-9F56-D9FF1A52D89B}.Release|Any CPU.Build.0 = Release|Any CPU
		{B358EE85-AFA0-4EB1-BBFF-16393C208024}.Debug|Any CPU.ActiveCfg = Debug|Any CPU
		{B358EE85-AFA0-4EB1-BBFF-16393C208024}.Debug|Any CPU.Build.0 = Debug|Any CPU
		{B358EE85-AFA0-4EB1-BBFF-16393C208024}.Release|Any CPU.ActiveCfg = Release|Any CPU
		{B358EE85-AFA0-4EB1-BBFF-16393C208024}.Release|Any CPU.Build.0 = Release|Any CPU
		{1B418D7A-DA0E-482B-89CD-FD99867ED705}.Debug|Any CPU.ActiveCfg = Debug|Any CPU
		{1B418D7A-DA0E-482B-89CD-FD99867ED705}.Debug|Any CPU.Build.0 = Debug|Any CPU
		{1B418D7A-DA0E-482B-89CD-FD99867ED705}.Release|Any CPU.ActiveCfg = Release|Any CPU
		{1B418D7A-DA0E-482B-89CD-FD99867ED705}.Release|Any CPU.Build.0 = Release|Any CPU
		{D1DD65E1-843A-4A25-9969-0F5D612EC7D3}.Debug|Any CPU.ActiveCfg = Debug|Any CPU
		{D1DD65E1-843A-4A25-9969-0F5D612EC7D3}.Debug|Any CPU.Build.0 = Debug|Any CPU
		{D1DD65E1-843A-4A25-9969-0F5D612EC7D3}.Release|Any CPU.ActiveCfg = Release|Any CPU
		{D1DD65E1-843A-4A25-9969-0F5D612EC7D3}.Release|Any CPU.Build.0 = Release|Any CPU
		{0BFB187A-A3F2-4BF4-B002-71A5C43E3C48}.Debug|Any CPU.ActiveCfg = Debug|Any CPU
		{0BFB187A-A3F2-4BF4-B002-71A5C43E3C48}.Debug|Any CPU.Build.0 = Debug|Any CPU
		{0BFB187A-A3F2-4BF4-B002-71A5C43E3C48}.Release|Any CPU.ActiveCfg = Release|Any CPU
		{0BFB187A-A3F2-4BF4-B002-71A5C43E3C48}.Release|Any CPU.Build.0 = Release|Any CPU
		{BF35C9E5-7BD6-4524-9FBA-E9C8597DCDEE}.Debug|Any CPU.ActiveCfg = Debug|Any CPU
		{BF35C9E5-7BD6-4524-9FBA-E9C8597DCDEE}.Debug|Any CPU.Build.0 = Debug|Any CPU
		{BF35C9E5-7BD6-4524-9FBA-E9C8597DCDEE}.Release|Any CPU.ActiveCfg = Release|Any CPU
		{BF35C9E5-7BD6-4524-9FBA-E9C8597DCDEE}.Release|Any CPU.Build.0 = Release|Any CPU
		{F78B8F0F-EAF7-4FF9-9F64-51BE7E5D62F3}.Debug|Any CPU.ActiveCfg = Debug|Any CPU
		{F78B8F0F-EAF7-4FF9-9F64-51BE7E5D62F3}.Debug|Any CPU.Build.0 = Debug|Any CPU
		{F78B8F0F-EAF7-4FF9-9F64-51BE7E5D62F3}.Release|Any CPU.ActiveCfg = Release|Any CPU
		{F78B8F0F-EAF7-4FF9-9F64-51BE7E5D62F3}.Release|Any CPU.Build.0 = Release|Any CPU
		{73DFB53B-0BEA-4081-9D6A-7831B529674A}.Debug|Any CPU.ActiveCfg = Debug|Any CPU
		{73DFB53B-0BEA-4081-9D6A-7831B529674A}.Debug|Any CPU.Build.0 = Debug|Any CPU
		{73DFB53B-0BEA-4081-9D6A-7831B529674A}.Release|Any CPU.ActiveCfg = Release|Any CPU
		{73DFB53B-0BEA-4081-9D6A-7831B529674A}.Release|Any CPU.Build.0 = Release|Any CPU
		{5B99915F-81B8-418B-A1D4-1409FC122EFF}.Debug|Any CPU.ActiveCfg = Debug|Any CPU
		{5B99915F-81B8-418B-A1D4-1409FC122EFF}.Debug|Any CPU.Build.0 = Debug|Any CPU
		{5B99915F-81B8-418B-A1D4-1409FC122EFF}.Release|Any CPU.ActiveCfg = Release|Any CPU
		{5B99915F-81B8-418B-A1D4-1409FC122EFF}.Release|Any CPU.Build.0 = Release|Any CPU
		{E7619F59-A0F6-4BD9-8F1E-F807DFF27099}.Debug|Any CPU.ActiveCfg = Debug|Any CPU
		{E7619F59-A0F6-4BD9-8F1E-F807DFF27099}.Debug|Any CPU.Build.0 = Debug|Any CPU
		{E7619F59-A0F6-4BD9-8F1E-F807DFF27099}.Release|Any CPU.ActiveCfg = Release|Any CPU
		{E7619F59-A0F6-4BD9-8F1E-F807DFF27099}.Release|Any CPU.Build.0 = Release|Any CPU
		{D1CE3436-9D17-433F-B11B-02780E747FF8}.Debug|Any CPU.ActiveCfg = Debug|Any CPU
		{D1CE3436-9D17-433F-B11B-02780E747FF8}.Debug|Any CPU.Build.0 = Debug|Any CPU
		{D1CE3436-9D17-433F-B11B-02780E747FF8}.Release|Any CPU.ActiveCfg = Release|Any CPU
		{D1CE3436-9D17-433F-B11B-02780E747FF8}.Release|Any CPU.Build.0 = Release|Any CPU
		{1B6F97F3-FFFA-455E-8A36-77AA74C63881}.Debug|Any CPU.ActiveCfg = Debug|Any CPU
		{1B6F97F3-FFFA-455E-8A36-77AA74C63881}.Debug|Any CPU.Build.0 = Debug|Any CPU
		{1B6F97F3-FFFA-455E-8A36-77AA74C63881}.Release|Any CPU.ActiveCfg = Release|Any CPU
		{1B6F97F3-FFFA-455E-8A36-77AA74C63881}.Release|Any CPU.Build.0 = Release|Any CPU
		{382279BD-AA0D-4236-B182-F0ED06F8899F}.Debug|Any CPU.ActiveCfg = Debug|Any CPU
		{382279BD-AA0D-4236-B182-F0ED06F8899F}.Debug|Any CPU.Build.0 = Debug|Any CPU
		{382279BD-AA0D-4236-B182-F0ED06F8899F}.Release|Any CPU.ActiveCfg = Release|Any CPU
		{382279BD-AA0D-4236-B182-F0ED06F8899F}.Release|Any CPU.Build.0 = Release|Any CPU
		{7A4E49A9-1AEF-4275-B9C0-EB1E14C03C56}.Debug|Any CPU.ActiveCfg = Debug|Any CPU
		{7A4E49A9-1AEF-4275-B9C0-EB1E14C03C56}.Debug|Any CPU.Build.0 = Debug|Any CPU
		{7A4E49A9-1AEF-4275-B9C0-EB1E14C03C56}.Release|Any CPU.ActiveCfg = Release|Any CPU
		{7A4E49A9-1AEF-4275-B9C0-EB1E14C03C56}.Release|Any CPU.Build.0 = Release|Any CPU
	EndGlobalSection
	GlobalSection(SolutionProperties) = preSolution
		HideSolutionNode = FALSE
	EndGlobalSection
	GlobalSection(NestedProjects) = preSolution
		{0D485B77-A1FA-41FC-AE2F-CDCDB91F1A77} = {CC1C35F6-7D06-4BCF-9AAB-D87832FD8025}
		{F0050E16-C6B7-4A5C-A95F-C0A45885648A} = {CC1C35F6-7D06-4BCF-9AAB-D87832FD8025}
		{2F01823C-0BAF-403B-9F56-D9FF1A52D89B} = {CC1C35F6-7D06-4BCF-9AAB-D87832FD8025}
		{B358EE85-AFA0-4EB1-BBFF-16393C208024} = {CC1C35F6-7D06-4BCF-9AAB-D87832FD8025}
		{1B418D7A-DA0E-482B-89CD-FD99867ED705} = {CC1C35F6-7D06-4BCF-9AAB-D87832FD8025}
		{D1DD65E1-843A-4A25-9969-0F5D612EC7D3} = {4627FD90-4EE0-4791-B2DD-D06F13F3E4AF}
		{0BFB187A-A3F2-4BF4-B002-71A5C43E3C48} = {4627FD90-4EE0-4791-B2DD-D06F13F3E4AF}
		{BF35C9E5-7BD6-4524-9FBA-E9C8597DCDEE} = {4627FD90-4EE0-4791-B2DD-D06F13F3E4AF}
		{F78B8F0F-EAF7-4FF9-9F64-51BE7E5D62F3} = {4627FD90-4EE0-4791-B2DD-D06F13F3E4AF}
		{73DFB53B-0BEA-4081-9D6A-7831B529674A} = {4627FD90-4EE0-4791-B2DD-D06F13F3E4AF}
		{5B99915F-81B8-418B-A1D4-1409FC122EFF} = {E646690D-C151-42A1-BF69-1B839242DE10}
		{E7619F59-A0F6-4BD9-8F1E-F807DFF27099} = {E646690D-C151-42A1-BF69-1B839242DE10}
		{D1CE3436-9D17-433F-B11B-02780E747FF8} = {E646690D-C151-42A1-BF69-1B839242DE10}
		{1B6F97F3-FFFA-455E-8A36-77AA74C63881} = {E646690D-C151-42A1-BF69-1B839242DE10}
		{382279BD-AA0D-4236-B182-F0ED06F8899F} = {454C59A1-82AB-4261-8B5F-DBAF8626C8FD}
		{7A4E49A9-1AEF-4275-B9C0-EB1E14C03C56} = {454C59A1-82AB-4261-8B5F-DBAF8626C8FD}
	EndGlobalSection
	GlobalSection(ExtensibilityGlobals) = postSolution
		SolutionGuid = {F2EC892C-BD57-496B-9663-46DF5DD9B7CB}
	EndGlobalSection
EndGlobal
